
Microsoft Visual Studio Solution File, Format Version 12.00
# Visual Studio Version 17
VisualStudioVersion = 17.10.34818.151
MinimumVisualStudioVersion = 10.0.40219.1
Project("{FAE04EC0-301F-11D3-BF4B-00C04F79EFBC}") = "NetworkUtility", "NetworkUtility\NetworkUtility.csproj", "{69A0C469-10A2-4D3E-A041-8870A71C4949}"
EndProject
Project("{FAE04EC0-301F-11D3-BF4B-00C04F79EFBC}") = "NetworkUtility.Tests", "NetworkUtility.Tests\NetworkUtility.Tests.csproj", "{28B130C7-1542-4FC2-8E08-63E7BFE93F61}"
EndProject
Global
	GlobalSection(SolutionConfigurationPlatforms) = preSolution
		Debug|Any CPU = Debug|Any CPU
		Release|Any CPU = Release|Any CPU
	EndGlobalSection
	GlobalSection(ProjectConfigurationPlatforms) = postSolution
		{69A0C469-10A2-4D3E-A041-8870A71C4949}.Debug|Any CPU.ActiveCfg = Debug|Any CPU
		{69A0C469-10A2-4D3E-A041-8870A71C4949}.Debug|Any CPU.Build.0 = Debug|Any CPU
		{69A0C469-10A2-4D3E-A041-8870A71C4949}.Release|Any CPU.ActiveCfg = Release|Any CPU
		{69A0C469-10A2-4D3E-A041-8870A71C4949}.Release|Any CPU.Build.0 = Release|Any CPU
		{28B130C7-1542-4FC2-8E08-63E7BFE93F61}.Debug|Any CPU.ActiveCfg = Debug|Any CPU
		{28B130C7-1542-4FC2-8E08-63E7BFE93F61}.Debug|Any CPU.Build.0 = Debug|Any CPU
		{28B130C7-1542-4FC2-8E08-63E7BFE93F61}.Release|Any CPU.ActiveCfg = Release|Any CPU
		{28B130C7-1542-4FC2-8E08-63E7BFE93F61}.Release|Any CPU.Build.0 = Release|Any CPU
	EndGlobalSection
	GlobalSection(SolutionProperties) = preSolution
		HideSolutionNode = FALSE
	EndGlobalSection
	GlobalSection(ExtensibilityGlobals) = postSolution
		SolutionGuid = {962F157F-E43F-46D4-921E-6CDCC673B24C}
	EndGlobalSection
EndGlobal
